// !$*UTF8*$!
{
	archiveVersion = 1;
	classes = {
	};
	objectVersion = 56;
	objects = {

/* Begin PBXBuildFile section */
		F551046E2A30DC32000FB952 /* ContentViewModel.swift in Sources */ = {isa = PBXBuildFile; fileRef = F551046D2A30DC32000FB952 /* ContentViewModel.swift */; };
		F55104702A30DC95000FB952 /* RawgApi.swift in Sources */ = {isa = PBXBuildFile; fileRef = F551046F2A30DC95000FB952 /* RawgApi.swift */; };
		F55104732A30DCF8000FB952 /* CombineMoya in Frameworks */ = {isa = PBXBuildFile; productRef = F55104722A30DCF8000FB952 /* CombineMoya */; };
		F55104752A30DCF8000FB952 /* Moya in Frameworks */ = {isa = PBXBuildFile; productRef = F55104742A30DCF8000FB952 /* Moya */; };
		F55104772A30DCF8000FB952 /* ReactiveMoya in Frameworks */ = {isa = PBXBuildFile; productRef = F55104762A30DCF8000FB952 /* ReactiveMoya */; };
		F55104792A30DCF8000FB952 /* RxMoya in Frameworks */ = {isa = PBXBuildFile; productRef = F55104782A30DCF8000FB952 /* RxMoya */; };
		F551047B2A30DD29000FB952 /* MoyaProvider.swift in Sources */ = {isa = PBXBuildFile; fileRef = F551047A2A30DD29000FB952 /* MoyaProvider.swift */; };
		F551047D2A30DD51000FB952 /* GameListModel.swift in Sources */ = {isa = PBXBuildFile; fileRef = F551047C2A30DD51000FB952 /* GameListModel.swift */; };
		F551047F2A30DD73000FB952 /* GameDetailModel.swift in Sources */ = {isa = PBXBuildFile; fileRef = F551047E2A30DD73000FB952 /* GameDetailModel.swift */; };
		F57D36902A2E9E240023F479 /* levelApp.swift in Sources */ = {isa = PBXBuildFile; fileRef = F57D368F2A2E9E240023F479 /* levelApp.swift */; };
		F57D36922A2E9E240023F479 /* ContentView.swift in Sources */ = {isa = PBXBuildFile; fileRef = F57D36912A2E9E240023F479 /* ContentView.swift */; };
		F57D36942A2E9E250023F479 /* Assets.xcassets in Resources */ = {isa = PBXBuildFile; fileRef = F57D36932A2E9E250023F479 /* Assets.xcassets */; };
		F57D36972A2E9E250023F479 /* Preview Assets.xcassets in Resources */ = {isa = PBXBuildFile; fileRef = F57D36962A2E9E250023F479 /* Preview Assets.xcassets */; };
		F57D36A12A2E9E250023F479 /* levelTests.swift in Sources */ = {isa = PBXBuildFile; fileRef = F57D36A02A2E9E250023F479 /* levelTests.swift */; };
		F57D36AB2A2E9E250023F479 /* levelUITests.swift in Sources */ = {isa = PBXBuildFile; fileRef = F57D36AA2A2E9E250023F479 /* levelUITests.swift */; };
		F57D36AD2A2E9E250023F479 /* levelUITestsLaunchTests.swift in Sources */ = {isa = PBXBuildFile; fileRef = F57D36AC2A2E9E250023F479 /* levelUITestsLaunchTests.swift */; };
/* End PBXBuildFile section */

/* Begin PBXContainerItemProxy section */
		F57D369D2A2E9E250023F479 /* PBXContainerItemProxy */ = {
			isa = PBXContainerItemProxy;
			containerPortal = F57D36842A2E9E240023F479 /* Project object */;
			proxyType = 1;
			remoteGlobalIDString = F57D368B2A2E9E240023F479;
			remoteInfo = level;
		};
		F57D36A72A2E9E250023F479 /* PBXContainerItemProxy */ = {
			isa = PBXContainerItemProxy;
			containerPortal = F57D36842A2E9E240023F479 /* Project object */;
			proxyType = 1;
			remoteGlobalIDString = F57D368B2A2E9E240023F479;
			remoteInfo = level;
		};
/* End PBXContainerItemProxy section */

/* Begin PBXFileReference section */
		F551046D2A30DC32000FB952 /* ContentViewModel.swift */ = {isa = PBXFileReference; lastKnownFileType = sourcecode.swift; path = ContentViewModel.swift; sourceTree = "<group>"; };
		F551046F2A30DC95000FB952 /* RawgApi.swift */ = {isa = PBXFileReference; lastKnownFileType = sourcecode.swift; path = RawgApi.swift; sourceTree = "<group>"; };
		F551047A2A30DD29000FB952 /* MoyaProvider.swift */ = {isa = PBXFileReference; lastKnownFileType = sourcecode.swift; path = MoyaProvider.swift; sourceTree = "<group>"; };
		F551047C2A30DD51000FB952 /* GameListModel.swift */ = {isa = PBXFileReference; lastKnownFileType = sourcecode.swift; path = GameListModel.swift; sourceTree = "<group>"; };
		F551047E2A30DD73000FB952 /* GameDetailModel.swift */ = {isa = PBXFileReference; lastKnownFileType = sourcecode.swift; path = GameDetailModel.swift; sourceTree = "<group>"; };
		F55104802A30DDD7000FB952 /* Info.plist */ = {isa = PBXFileReference; lastKnownFileType = text.plist; path = Info.plist; sourceTree = "<group>"; };
		F57D368C2A2E9E240023F479 /* level.app */ = {isa = PBXFileReference; explicitFileType = wrapper.application; includeInIndex = 0; path = level.app; sourceTree = BUILT_PRODUCTS_DIR; };
		F57D368F2A2E9E240023F479 /* levelApp.swift */ = {isa = PBXFileReference; lastKnownFileType = sourcecode.swift; path = levelApp.swift; sourceTree = "<group>"; };
		F57D36912A2E9E240023F479 /* ContentView.swift */ = {isa = PBXFileReference; lastKnownFileType = sourcecode.swift; path = ContentView.swift; sourceTree = "<group>"; };
		F57D36932A2E9E250023F479 /* Assets.xcassets */ = {isa = PBXFileReference; lastKnownFileType = folder.assetcatalog; path = Assets.xcassets; sourceTree = "<group>"; };
		F57D36962A2E9E250023F479 /* Preview Assets.xcassets */ = {isa = PBXFileReference; lastKnownFileType = folder.assetcatalog; path = "Preview Assets.xcassets"; sourceTree = "<group>"; };
		F57D369C2A2E9E250023F479 /* levelTests.xctest */ = {isa = PBXFileReference; explicitFileType = wrapper.cfbundle; includeInIndex = 0; path = levelTests.xctest; sourceTree = BUILT_PRODUCTS_DIR; };
		F57D36A02A2E9E250023F479 /* levelTests.swift */ = {isa = PBXFileReference; lastKnownFileType = sourcecode.swift; path = levelTests.swift; sourceTree = "<group>"; };
		F57D36A62A2E9E250023F479 /* levelUITests.xctest */ = {isa = PBXFileReference; explicitFileType = wrapper.cfbundle; includeInIndex = 0; path = levelUITests.xctest; sourceTree = BUILT_PRODUCTS_DIR; };
		F57D36AA2A2E9E250023F479 /* levelUITests.swift */ = {isa = PBXFileReference; lastKnownFileType = sourcecode.swift; path = levelUITests.swift; sourceTree = "<group>"; };
		F57D36AC2A2E9E250023F479 /* levelUITestsLaunchTests.swift */ = {isa = PBXFileReference; lastKnownFileType = sourcecode.swift; path = levelUITestsLaunchTests.swift; sourceTree = "<group>"; };
/* End PBXFileReference section */

/* Begin PBXFrameworksBuildPhase section */
		F57D36892A2E9E240023F479 /* Frameworks */ = {
			isa = PBXFrameworksBuildPhase;
			buildActionMask = 2147483647;
			files = (
				F55104752A30DCF8000FB952 /* Moya in Frameworks */,
				F55104732A30DCF8000FB952 /* CombineMoya in Frameworks */,
				F55104792A30DCF8000FB952 /* RxMoya in Frameworks */,
				F55104772A30DCF8000FB952 /* ReactiveMoya in Frameworks */,
			);
			runOnlyForDeploymentPostprocessing = 0;
		};
		F57D36992A2E9E250023F479 /* Frameworks */ = {
			isa = PBXFrameworksBuildPhase;
			buildActionMask = 2147483647;
			files = (
			);
			runOnlyForDeploymentPostprocessing = 0;
		};
		F57D36A32A2E9E250023F479 /* Frameworks */ = {
			isa = PBXFrameworksBuildPhase;
			buildActionMask = 2147483647;
			files = (
			);
			runOnlyForDeploymentPostprocessing = 0;
		};
/* End PBXFrameworksBuildPhase section */

/* Begin PBXGroup section */
		F57D36832A2E9E240023F479 = {
			isa = PBXGroup;
			children = (
				F57D368E2A2E9E240023F479 /* level */,
				F57D369F2A2E9E250023F479 /* levelTests */,
				F57D36A92A2E9E250023F479 /* levelUITests */,
				F57D368D2A2E9E240023F479 /* Products */,
			);
			sourceTree = "<group>";
		};
		F57D368D2A2E9E240023F479 /* Products */ = {
			isa = PBXGroup;
			children = (
				F57D368C2A2E9E240023F479 /* level.app */,
				F57D369C2A2E9E250023F479 /* levelTests.xctest */,
				F57D36A62A2E9E250023F479 /* levelUITests.xctest */,
			);
			name = Products;
			sourceTree = "<group>";
		};
		F57D368E2A2E9E240023F479 /* level */ = {
			isa = PBXGroup;
			children = (
				F57D368F2A2E9E240023F479 /* levelApp.swift */,
				F57D36912A2E9E240023F479 /* ContentView.swift */,
				F551046D2A30DC32000FB952 /* ContentViewModel.swift */,
				F551046F2A30DC95000FB952 /* RawgApi.swift */,
				F551047A2A30DD29000FB952 /* MoyaProvider.swift */,
				F551047C2A30DD51000FB952 /* GameListModel.swift */,
				F551047E2A30DD73000FB952 /* GameDetailModel.swift */,
				F57D36932A2E9E250023F479 /* Assets.xcassets */,
				F55104802A30DDD7000FB952 /* Info.plist */,
				F57D36952A2E9E250023F479 /* Preview Content */,
			);
			path = level;
			sourceTree = "<group>";
		};
		F57D36952A2E9E250023F479 /* Preview Content */ = {
			isa = PBXGroup;
			children = (
				F57D36962A2E9E250023F479 /* Preview Assets.xcassets */,
			);
			path = "Preview Content";
			sourceTree = "<group>";
		};
		F57D369F2A2E9E250023F479 /* levelTests */ = {
			isa = PBXGroup;
			children = (
				F57D36A02A2E9E250023F479 /* levelTests.swift */,
			);
			path = levelTests;
			sourceTree = "<group>";
		};
		F57D36A92A2E9E250023F479 /* levelUITests */ = {
			isa = PBXGroup;
			children = (
				F57D36AA2A2E9E250023F479 /* levelUITests.swift */,
				F57D36AC2A2E9E250023F479 /* levelUITestsLaunchTests.swift */,
			);
			path = levelUITests;
			sourceTree = "<group>";
		};
/* End PBXGroup section */

/* Begin PBXNativeTarget section */
		F57D368B2A2E9E240023F479 /* level */ = {
			isa = PBXNativeTarget;
			buildConfigurationList = F57D36B02A2E9E250023F479 /* Build configuration list for PBXNativeTarget "level" */;
			buildPhases = (
				F57D36882A2E9E240023F479 /* Sources */,
				F57D36892A2E9E240023F479 /* Frameworks */,
				F57D368A2A2E9E240023F479 /* Resources */,
			);
			buildRules = (
			);
			dependencies = (
			);
			name = level;
			packageProductDependencies = (
				F55104722A30DCF8000FB952 /* CombineMoya */,
				F55104742A30DCF8000FB952 /* Moya */,
				F55104762A30DCF8000FB952 /* ReactiveMoya */,
				F55104782A30DCF8000FB952 /* RxMoya */,
			);
			productName = level;
			productReference = F57D368C2A2E9E240023F479 /* level.app */;
			productType = "com.apple.product-type.application";
		};
		F57D369B2A2E9E250023F479 /* levelTests */ = {
			isa = PBXNativeTarget;
			buildConfigurationList = F57D36B32A2E9E250023F479 /* Build configuration list for PBXNativeTarget "levelTests" */;
			buildPhases = (
				F57D36982A2E9E250023F479 /* Sources */,
				F57D36992A2E9E250023F479 /* Frameworks */,
				F57D369A2A2E9E250023F479 /* Resources */,
			);
			buildRules = (
			);
			dependencies = (
				F57D369E2A2E9E250023F479 /* PBXTargetDependency */,
			);
			name = levelTests;
			productName = levelTests;
			productReference = F57D369C2A2E9E250023F479 /* levelTests.xctest */;
			productType = "com.apple.product-type.bundle.unit-test";
		};
		F57D36A52A2E9E250023F479 /* levelUITests */ = {
			isa = PBXNativeTarget;
			buildConfigurationList = F57D36B62A2E9E250023F479 /* Build configuration list for PBXNativeTarget "levelUITests" */;
			buildPhases = (
				F57D36A22A2E9E250023F479 /* Sources */,
				F57D36A32A2E9E250023F479 /* Frameworks */,
				F57D36A42A2E9E250023F479 /* Resources */,
			);
			buildRules = (
			);
			dependencies = (
				F57D36A82A2E9E250023F479 /* PBXTargetDependency */,
			);
			name = levelUITests;
			productName = levelUITests;
			productReference = F57D36A62A2E9E250023F479 /* levelUITests.xctest */;
			productType = "com.apple.product-type.bundle.ui-testing";
		};
/* End PBXNativeTarget section */

/* Begin PBXProject section */
		F57D36842A2E9E240023F479 /* Project object */ = {
			isa = PBXProject;
			attributes = {
				BuildIndependentTargetsInParallel = 1;
				LastSwiftUpdateCheck = 1430;
				LastUpgradeCheck = 1430;
				TargetAttributes = {
					F57D368B2A2E9E240023F479 = {
						CreatedOnToolsVersion = 14.3.1;
					};
					F57D369B2A2E9E250023F479 = {
						CreatedOnToolsVersion = 14.3.1;
						TestTargetID = F57D368B2A2E9E240023F479;
					};
					F57D36A52A2E9E250023F479 = {
						CreatedOnToolsVersion = 14.3.1;
						TestTargetID = F57D368B2A2E9E240023F479;
					};
				};
			};
			buildConfigurationList = F57D36872A2E9E240023F479 /* Build configuration list for PBXProject "level" */;
			compatibilityVersion = "Xcode 14.0";
			developmentRegion = en;
			hasScannedForEncodings = 0;
			knownRegions = (
				en,
				Base,
			);
			mainGroup = F57D36832A2E9E240023F479;
			packageReferences = (
				F55104712A30DCF8000FB952 /* XCRemoteSwiftPackageReference "Moya" */,
			);
			productRefGroup = F57D368D2A2E9E240023F479 /* Products */;
			projectDirPath = "";
			projectRoot = "";
			targets = (
				F57D368B2A2E9E240023F479 /* level */,
				F57D369B2A2E9E250023F479 /* levelTests */,
				F57D36A52A2E9E250023F479 /* levelUITests */,
			);
		};
/* End PBXProject section */

/* Begin PBXResourcesBuildPhase section */
		F57D368A2A2E9E240023F479 /* Resources */ = {
			isa = PBXResourcesBuildPhase;
			buildActionMask = 2147483647;
			files = (
				F57D36972A2E9E250023F479 /* Preview Assets.xcassets in Resources */,
				F57D36942A2E9E250023F479 /* Assets.xcassets in Resources */,
			);
			runOnlyForDeploymentPostprocessing = 0;
		};
		F57D369A2A2E9E250023F479 /* Resources */ = {
			isa = PBXResourcesBuildPhase;
			buildActionMask = 2147483647;
			files = (
			);
			runOnlyForDeploymentPostprocessing = 0;
		};
		F57D36A42A2E9E250023F479 /* Resources */ = {
			isa = PBXResourcesBuildPhase;
			buildActionMask = 2147483647;
			files = (
			);
			runOnlyForDeploymentPostprocessing = 0;
		};
/* End PBXResourcesBuildPhase section */

/* Begin PBXSourcesBuildPhase section */
		F57D36882A2E9E240023F479 /* Sources */ = {
			isa = PBXSourcesBuildPhase;
			buildActionMask = 2147483647;
			files = (
				F551047B2A30DD29000FB952 /* MoyaProvider.swift in Sources */,
				F57D36922A2E9E240023F479 /* ContentView.swift in Sources */,
				F57D36902A2E9E240023F479 /* levelApp.swift in Sources */,
				F551047D2A30DD51000FB952 /* GameListModel.swift in Sources */,
				F551046E2A30DC32000FB952 /* ContentViewModel.swift in Sources */,
				F551047F2A30DD73000FB952 /* GameDetailModel.swift in Sources */,
				F55104702A30DC95000FB952 /* RawgApi.swift in Sources */,
			);
			runOnlyForDeploymentPostprocessing = 0;
		};
		F57D36982A2E9E250023F479 /* Sources */ = {
			isa = PBXSourcesBuildPhase;
			buildActionMask = 2147483647;
			files = (
				F57D36A12A2E9E250023F479 /* levelTests.swift in Sources */,
			);
			runOnlyForDeploymentPostprocessing = 0;
		};
		F57D36A22A2E9E250023F479 /* Sources */ = {
			isa = PBXSourcesBuildPhase;
			buildActionMask = 2147483647;
			files = (
				F57D36AB2A2E9E250023F479 /* levelUITests.swift in Sources */,
				F57D36AD2A2E9E250023F479 /* levelUITestsLaunchTests.swift in Sources */,
			);
			runOnlyForDeploymentPostprocessing = 0;
		};
/* End PBXSourcesBuildPhase section */

/* Begin PBXTargetDependency section */
		F57D369E2A2E9E250023F479 /* PBXTargetDependency */ = {
			isa = PBXTargetDependency;
			target = F57D368B2A2E9E240023F479 /* level */;
			targetProxy = F57D369D2A2E9E250023F479 /* PBXContainerItemProxy */;
		};
		F57D36A82A2E9E250023F479 /* PBXTargetDependency */ = {
			isa = PBXTargetDependency;
			target = F57D368B2A2E9E240023F479 /* level */;
			targetProxy = F57D36A72A2E9E250023F479 /* PBXContainerItemProxy */;
		};
/* End PBXTargetDependency section */

/* Begin XCBuildConfiguration section */
		F57D36AE2A2E9E250023F479 /* Debug */ = {
			isa = XCBuildConfiguration;
			buildSettings = {
				ALWAYS_SEARCH_USER_PATHS = NO;
				CLANG_ANALYZER_NONNULL = YES;
				CLANG_ANALYZER_NUMBER_OBJECT_CONVERSION = YES_AGGRESSIVE;
				CLANG_CXX_LANGUAGE_STANDARD = "gnu++20";
				CLANG_ENABLE_MODULES = YES;
				CLANG_ENABLE_OBJC_ARC = YES;
				CLANG_ENABLE_OBJC_WEAK = YES;
				CLANG_WARN_BLOCK_CAPTURE_AUTORELEASING = YES;
				CLANG_WARN_BOOL_CONVERSION = YES;
				CLANG_WARN_COMMA = YES;
				CLANG_WARN_CONSTANT_CONVERSION = YES;
				CLANG_WARN_DEPRECATED_OBJC_IMPLEMENTATIONS = YES;
				CLANG_WARN_DIRECT_OBJC_ISA_USAGE = YES_ERROR;
				CLANG_WARN_DOCUMENTATION_COMMENTS = YES;
				CLANG_WARN_EMPTY_BODY = YES;
				CLANG_WARN_ENUM_CONVERSION = YES;
				CLANG_WARN_INFINITE_RECURSION = YES;
				CLANG_WARN_INT_CONVERSION = YES;
				CLANG_WARN_NON_LITERAL_NULL_CONVERSION = YES;
				CLANG_WARN_OBJC_IMPLICIT_RETAIN_SELF = YES;
				CLANG_WARN_OBJC_LITERAL_CONVERSION = YES;
				CLANG_WARN_OBJC_ROOT_CLASS = YES_ERROR;
				CLANG_WARN_QUOTED_INCLUDE_IN_FRAMEWORK_HEADER = YES;
				CLANG_WARN_RANGE_LOOP_ANALYSIS = YES;
				CLANG_WARN_STRICT_PROTOTYPES = YES;
				CLANG_WARN_SUSPICIOUS_MOVE = YES;
				CLANG_WARN_UNGUARDED_AVAILABILITY = YES_AGGRESSIVE;
				CLANG_WARN_UNREACHABLE_CODE = YES;
				CLANG_WARN__DUPLICATE_METHOD_MATCH = YES;
				COPY_PHASE_STRIP = NO;
				DEBUG_INFORMATION_FORMAT = dwarf;
				ENABLE_STRICT_OBJC_MSGSEND = YES;
				ENABLE_TESTABILITY = YES;
				GCC_C_LANGUAGE_STANDARD = gnu11;
				GCC_DYNAMIC_NO_PIC = NO;
				GCC_NO_COMMON_BLOCKS = YES;
				GCC_OPTIMIZATION_LEVEL = 0;
				GCC_PREPROCESSOR_DEFINITIONS = (
					"DEBUG=1",
					"$(inherited)",
				);
				GCC_WARN_64_TO_32_BIT_CONVERSION = YES;
				GCC_WARN_ABOUT_RETURN_TYPE = YES_ERROR;
				GCC_WARN_UNDECLARED_SELECTOR = YES;
				GCC_WARN_UNINITIALIZED_AUTOS = YES_AGGRESSIVE;
				GCC_WARN_UNUSED_FUNCTION = YES;
				GCC_WARN_UNUSED_VARIABLE = YES;
				IPHONEOS_DEPLOYMENT_TARGET = 16.4;
				MTL_ENABLE_DEBUG_INFO = INCLUDE_SOURCE;
				MTL_FAST_MATH = YES;
				ONLY_ACTIVE_ARCH = YES;
				SDKROOT = iphoneos;
				SWIFT_ACTIVE_COMPILATION_CONDITIONS = DEBUG;
				SWIFT_OPTIMIZATION_LEVEL = "-Onone";
			};
			name = Debug;
		};
		F57D36AF2A2E9E250023F479 /* Release */ = {
			isa = XCBuildConfiguration;
			buildSettings = {
				ALWAYS_SEARCH_USER_PATHS = NO;
				CLANG_ANALYZER_NONNULL = YES;
				CLANG_ANALYZER_NUMBER_OBJECT_CONVERSION = YES_AGGRESSIVE;
				CLANG_CXX_LANGUAGE_STANDARD = "gnu++20";
				CLANG_ENABLE_MODULES = YES;
				CLANG_ENABLE_OBJC_ARC = YES;
				CLANG_ENABLE_OBJC_WEAK = YES;
				CLANG_WARN_BLOCK_CAPTURE_AUTORELEASING = YES;
				CLANG_WARN_BOOL_CONVERSION = YES;
				CLANG_WARN_COMMA = YES;
				CLANG_WARN_CONSTANT_CONVERSION = YES;
				CLANG_WARN_DEPRECATED_OBJC_IMPLEMENTATIONS = YES;
				CLANG_WARN_DIRECT_OBJC_ISA_USAGE = YES_ERROR;
				CLANG_WARN_DOCUMENTATION_COMMENTS = YES;
				CLANG_WARN_EMPTY_BODY = YES;
				CLANG_WARN_ENUM_CONVERSION = YES;
				CLANG_WARN_INFINITE_RECURSION = YES;
				CLANG_WARN_INT_CONVERSION = YES;
				CLANG_WARN_NON_LITERAL_NULL_CONVERSION = YES;
				CLANG_WARN_OBJC_IMPLICIT_RETAIN_SELF = YES;
				CLANG_WARN_OBJC_LITERAL_CONVERSION = YES;
				CLANG_WARN_OBJC_ROOT_CLASS = YES_ERROR;
				CLANG_WARN_QUOTED_INCLUDE_IN_FRAMEWORK_HEADER = YES;
				CLANG_WARN_RANGE_LOOP_ANALYSIS = YES;
				CLANG_WARN_STRICT_PROTOTYPES = YES;
				CLANG_WARN_SUSPICIOUS_MOVE = YES;
				CLANG_WARN_UNGUARDED_AVAILABILITY = YES_AGGRESSIVE;
				CLANG_WARN_UNREACHABLE_CODE = YES;
				CLANG_WARN__DUPLICATE_METHOD_MATCH = YES;
				COPY_PHASE_STRIP = NO;
				DEBUG_INFORMATION_FORMAT = "dwarf-with-dsym";
				ENABLE_NS_ASSERTIONS = NO;
				ENABLE_STRICT_OBJC_MSGSEND = YES;
				GCC_C_LANGUAGE_STANDARD = gnu11;
				GCC_NO_COMMON_BLOCKS = YES;
				GCC_WARN_64_TO_32_BIT_CONVERSION = YES;
				GCC_WARN_ABOUT_RETURN_TYPE = YES_ERROR;
				GCC_WARN_UNDECLARED_SELECTOR = YES;
				GCC_WARN_UNINITIALIZED_AUTOS = YES_AGGRESSIVE;
				GCC_WARN_UNUSED_FUNCTION = YES;
				GCC_WARN_UNUSED_VARIABLE = YES;
				IPHONEOS_DEPLOYMENT_TARGET = 16.4;
				MTL_ENABLE_DEBUG_INFO = NO;
				MTL_FAST_MATH = YES;
				SDKROOT = iphoneos;
				SWIFT_COMPILATION_MODE = wholemodule;
				SWIFT_OPTIMIZATION_LEVEL = "-O";
				VALIDATE_PRODUCT = YES;
			};
			name = Release;
		};
		F57D36B12A2E9E250023F479 /* Debug */ = {
			isa = XCBuildConfiguration;
			buildSettings = {
				ASSETCATALOG_COMPILER_APPICON_NAME = AppIcon;
				ASSETCATALOG_COMPILER_GLOBAL_ACCENT_COLOR_NAME = AccentColor;
				CODE_SIGN_STYLE = Automatic;
				CURRENT_PROJECT_VERSION = 1;
				DEVELOPMENT_ASSET_PATHS = "\"level/Preview Content\"";
				DEVELOPMENT_TEAM = 65F88Q392R;
				ENABLE_PREVIEWS = YES;
				GENERATE_INFOPLIST_FILE = YES;
				INFOPLIST_FILE = level/Info.plist;
				INFOPLIST_KEY_UIApplicationSceneManifest_Generation = YES;
				INFOPLIST_KEY_UIApplicationSupportsIndirectInputEvents = YES;
				INFOPLIST_KEY_UILaunchScreen_Generation = YES;
				INFOPLIST_KEY_UISupportedInterfaceOrientations_iPad = "UIInterfaceOrientationPortrait UIInterfaceOrientationPortraitUpsideDown UIInterfaceOrientationLandscapeLeft UIInterfaceOrientationLandscapeRight";
				INFOPLIST_KEY_UISupportedInterfaceOrientations_iPhone = "UIInterfaceOrientationPortrait UIInterfaceOrientationLandscapeLeft UIInterfaceOrientationLandscapeRight";
				LD_RUNPATH_SEARCH_PATHS = (
					"$(inherited)",
					"@executable_path/Frameworks",
				);
				MARKETING_VERSION = 1.0;
				PRODUCT_BUNDLE_IDENTIFIER = com.leyn.level;
				PRODUCT_NAME = "$(TARGET_NAME)";
				SWIFT_EMIT_LOC_STRINGS = YES;
				SWIFT_VERSION = 5.0;
				TARGETED_DEVICE_FAMILY = "1,2";
			};
			name = Debug;
		};
		F57D36B22A2E9E250023F479 /* Release */ = {
			isa = XCBuildConfiguration;
			buildSettings = {
				ASSETCATALOG_COMPILER_APPICON_NAME = AppIcon;
				ASSETCATALOG_COMPILER_GLOBAL_ACCENT_COLOR_NAME = AccentColor;
				CODE_SIGN_STYLE = Automatic;
				CURRENT_PROJECT_VERSION = 1;
				DEVELOPMENT_ASSET_PATHS = "\"level/Preview Content\"";
				DEVELOPMENT_TEAM = 65F88Q392R;
				ENABLE_PREVIEWS = YES;
				GENERATE_INFOPLIST_FILE = YES;
				INFOPLIST_FILE = level/Info.plist;
				INFOPLIST_KEY_UIApplicationSceneManifest_Generation = YES;
				INFOPLIST_KEY_UIApplicationSupportsIndirectInputEvents = YES;
				INFOPLIST_KEY_UILaunchScreen_Generation = YES;
				INFOPLIST_KEY_UISupportedInterfaceOrientations_iPad = "UIInterfaceOrientationPortrait UIInterfaceOrientationPortraitUpsideDown UIInterfaceOrientationLandscapeLeft UIInterfaceOrientationLandscapeRight";
				INFOPLIST_KEY_UISupportedInterfaceOrientations_iPhone = "UIInterfaceOrientationPortrait UIInterfaceOrientationLandscapeLeft UIInterfaceOrientationLandscapeRight";
				LD_RUNPATH_SEARCH_PATHS = (
					"$(inherited)",
					"@executable_path/Frameworks",
				);
				MARKETING_VERSION = 1.0;
				PRODUCT_BUNDLE_IDENTIFIER = com.leyn.level;
				PRODUCT_NAME = "$(TARGET_NAME)";
				SWIFT_EMIT_LOC_STRINGS = YES;
				SWIFT_VERSION = 5.0;
				TARGETED_DEVICE_FAMILY = "1,2";
			};
			name = Release;
		};
		F57D36B42A2E9E250023F479 /* Debug */ = {
			isa = XCBuildConfiguration;
			buildSettings = {
				ALWAYS_EMBED_SWIFT_STANDARD_LIBRARIES = YES;
				BUNDLE_LOADER = "$(TEST_HOST)";
				CODE_SIGN_STYLE = Automatic;
				CURRENT_PROJECT_VERSION = 1;
				DEVELOPMENT_TEAM = 65F88Q392R;
				GENERATE_INFOPLIST_FILE = YES;
				IPHONEOS_DEPLOYMENT_TARGET = 16.4;
				MARKETING_VERSION = 1.0;
				PRODUCT_BUNDLE_IDENTIFIER = com.leyn.levelTests;
				PRODUCT_NAME = "$(TARGET_NAME)";
				SWIFT_EMIT_LOC_STRINGS = NO;
				SWIFT_VERSION = 5.0;
				TARGETED_DEVICE_FAMILY = "1,2";
				TEST_HOST = "$(BUILT_PRODUCTS_DIR)/level.app/$(BUNDLE_EXECUTABLE_FOLDER_PATH)/level";
			};
			name = Debug;
		};
		F57D36B52A2E9E250023F479 /* Release */ = {
			isa = XCBuildConfiguration;
			buildSettings = {
				ALWAYS_EMBED_SWIFT_STANDARD_LIBRARIES = YES;
				BUNDLE_LOADER = "$(TEST_HOST)";
				CODE_SIGN_STYLE = Automatic;
				CURRENT_PROJECT_VERSION = 1;
				DEVELOPMENT_TEAM = 65F88Q392R;
				GENERATE_INFOPLIST_FILE = YES;
				IPHONEOS_DEPLOYMENT_TARGET = 16.4;
				MARKETING_VERSION = 1.0;
				PRODUCT_BUNDLE_IDENTIFIER = com.leyn.levelTests;
				PRODUCT_NAME = "$(TARGET_NAME)";
				SWIFT_EMIT_LOC_STRINGS = NO;
				SWIFT_VERSION = 5.0;
				TARGETED_DEVICE_FAMILY = "1,2";
				TEST_HOST = "$(BUILT_PRODUCTS_DIR)/level.app/$(BUNDLE_EXECUTABLE_FOLDER_PATH)/level";
			};
			name = Release;
		};
		F57D36B72A2E9E250023F479 /* Debug */ = {
			isa = XCBuildConfiguration;
			buildSettings = {
				ALWAYS_EMBED_SWIFT_STANDARD_LIBRARIES = YES;
				CODE_SIGN_STYLE = Automatic;
				CURRENT_PROJECT_VERSION = 1;
				DEVELOPMENT_TEAM = 65F88Q392R;
				GENERATE_INFOPLIST_FILE = YES;
				MARKETING_VERSION = 1.0;
				PRODUCT_BUNDLE_IDENTIFIER = com.leyn.levelUITests;
				PRODUCT_NAME = "$(TARGET_NAME)";
				SWIFT_EMIT_LOC_STRINGS = NO;
				SWIFT_VERSION = 5.0;
				TARGETED_DEVICE_FAMILY = "1,2";
				TEST_TARGET_NAME = level;
			};
			name = Debug;
		};
		F57D36B82A2E9E250023F479 /* Release */ = {
			isa = XCBuildConfiguration;
			buildSettings = {
				ALWAYS_EMBED_SWIFT_STANDARD_LIBRARIES = YES;
				CODE_SIGN_STYLE = Automatic;
				CURRENT_PROJECT_VERSION = 1;
				DEVELOPMENT_TEAM = 65F88Q392R;
				GENERATE_INFOPLIST_FILE = YES;
				MARKETING_VERSION = 1.0;
				PRODUCT_BUNDLE_IDENTIFIER = com.leyn.levelUITests;
				PRODUCT_NAME = "$(TARGET_NAME)";
				SWIFT_EMIT_LOC_STRINGS = NO;
				SWIFT_VERSION = 5.0;
				TARGETED_DEVICE_FAMILY = "1,2";
				TEST_TARGET_NAME = level;
			};
			name = Release;
		};
/* End XCBuildConfiguration section */

/* Begin XCConfigurationList section */
		F57D36872A2E9E240023F479 /* Build configuration list for PBXProject "level" */ = {
			isa = XCConfigurationList;
			buildConfigurations = (
				F57D36AE2A2E9E250023F479 /* Debug */,
				F57D36AF2A2E9E250023F479 /* Release */,
			);
			defaultConfigurationIsVisible = 0;
			defaultConfigurationName = Release;
		};
		F57D36B02A2E9E250023F479 /* Build configuration list for PBXNativeTarget "level" */ = {
			isa = XCConfigurationList;
			buildConfigurations = (
				F57D36B12A2E9E250023F479 /* Debug */,
				F57D36B22A2E9E250023F479 /* Release */,
			);
			defaultConfigurationIsVisible = 0;
			defaultConfigurationName = Release;
		};
		F57D36B32A2E9E250023F479 /* Build configuration list for PBXNativeTarget "levelTests" */ = {
			isa = XCConfigurationList;
			buildConfigurations = (
				F57D36B42A2E9E250023F479 /* Debug */,
				F57D36B52A2E9E250023F479 /* Release */,
			);
			defaultConfigurationIsVisible = 0;
			defaultConfigurationName = Release;
		};
		F57D36B62A2E9E250023F479 /* Build configuration list for PBXNativeTarget "levelUITests" */ = {
			isa = XCConfigurationList;
			buildConfigurations = (
				F57D36B72A2E9E250023F479 /* Debug */,
				F57D36B82A2E9E250023F479 /* Release */,
			);
			defaultConfigurationIsVisible = 0;
			defaultConfigurationName = Release;
		};
/* End XCConfigurationList section */

/* Begin XCRemoteSwiftPackageReference section */
		F55104712A30DCF8000FB952 /* XCRemoteSwiftPackageReference "Moya" */ = {
			isa = XCRemoteSwiftPackageReference;
			repositoryURL = "https://github.com/Moya/Moya";
			requirement = {
				kind = upToNextMajorVersion;
				minimumVersion = 15.0.0;
			};
		};
/* End XCRemoteSwiftPackageReference section */

/* Begin XCSwiftPackageProductDependency section */
		F55104722A30DCF8000FB952 /* CombineMoya */ = {
			isa = XCSwiftPackageProductDependency;
			package = F55104712A30DCF8000FB952 /* XCRemoteSwiftPackageReference "Moya" */;
			productName = CombineMoya;
		};
		F55104742A30DCF8000FB952 /* Moya */ = {
			isa = XCSwiftPackageProductDependency;
			package = F55104712A30DCF8000FB952 /* XCRemoteSwiftPackageReference "Moya" */;
			productName = Moya;
		};
		F55104762A30DCF8000FB952 /* ReactiveMoya */ = {
			isa = XCSwiftPackageProductDependency;
			package = F55104712A30DCF8000FB952 /* XCRemoteSwiftPackageReference "Moya" */;
			productName = ReactiveMoya;
		};
		F55104782A30DCF8000FB952 /* RxMoya */ = {
			isa = XCSwiftPackageProductDependency;
			package = F55104712A30DCF8000FB952 /* XCRemoteSwiftPackageReference "Moya" */;
			productName = RxMoya;
		};
/* End XCSwiftPackageProductDependency section */
	};
	rootObject = F57D36842A2E9E240023F479 /* Project object */;
}
